// !$*UTF8*$!
{
	archiveVersion = 1;
	classes = {
	};
	objectVersion = 77;
	objects = {

/* Begin PBXBuildFile section */
		A15A49F02F2F6CA900E4AE35 /* GoogleMobileAds in Frameworks */ = {isa = PBXBuildFile; productRef = A15A49EF2F2F6CA900E4AE35 /* GoogleMobileAds */; };
		A17DAB112F30E9CB00791F4B /* WidgetKit.framework in Frameworks */ = {isa = PBXBuildFile; fileRef = A17DAB102F30E9CB00791F4B /* WidgetKit.framework */; };
		A17DAB132F30E9CB00791F4B /* SwiftUI.framework in Frameworks */ = {isa = PBXBuildFile; fileRef = A17DAB122F30E9CB00791F4B /* SwiftUI.framework */; };
		A17DAB222F30E9CC00791F4B /* danbiWidgetExtension.appex in Embed Foundation Extensions */ = {isa = PBXBuildFile; fileRef = A17DAB0E2F30E9CB00791F4B /* danbiWidgetExtension.appex */; settings = {ATTRIBUTES = (RemoveHeadersOnCopy, ); }; };
/* End PBXBuildFile section */

/* Begin PBXContainerItemProxy section */
		A1682FB92F28CF5E00CC8FED /* PBXContainerItemProxy */ = {
			isa = PBXContainerItemProxy;
			containerPortal = A1682F9C2F28CF5D00CC8FED /* Project object */;
			proxyType = 1;
			remoteGlobalIDString = A1682FA32F28CF5E00CC8FED;
			remoteInfo = danbi;
		};
		A1682FC32F28CF5F00CC8FED /* PBXContainerItemProxy */ = {
			isa = PBXContainerItemProxy;
			containerPortal = A1682F9C2F28CF5D00CC8FED /* Project object */;
			proxyType = 1;
			remoteGlobalIDString = A1682FA32F28CF5E00CC8FED;
			remoteInfo = danbi;
		};
		A17DAB202F30E9CC00791F4B /* PBXContainerItemProxy */ = {
			isa = PBXContainerItemProxy;
			containerPortal = A1682F9C2F28CF5D00CC8FED /* Project object */;
			proxyType = 1;
			remoteGlobalIDString = A17DAB0D2F30E9CB00791F4B;
			remoteInfo = danbiWidgetExtension;
		};
/* End PBXContainerItemProxy section */

/* Begin PBXCopyFilesBuildPhase section */
		A17DAB272F30E9CC00791F4B /* Embed Foundation Extensions */ = {
			isa = PBXCopyFilesBuildPhase;
			buildActionMask = 2147483647;
			dstPath = "";
			dstSubfolderSpec = 13;
			files = (
				A17DAB222F30E9CC00791F4B /* danbiWidgetExtension.appex in Embed Foundation Extensions */,
			);
			name = "Embed Foundation Extensions";
			runOnlyForDeploymentPostprocessing = 0;
		};
/* End PBXCopyFilesBuildPhase section */

/* Begin PBXFileReference section */
		A1682FA42F28CF5E00CC8FED /* danbi.app */ = {isa = PBXFileReference; explicitFileType = wrapper.application; includeInIndex = 0; path = danbi.app; sourceTree = BUILT_PRODUCTS_DIR; };
		A1682FB82F28CF5E00CC8FED /* danbiTests.xctest */ = {isa = PBXFileReference; explicitFileType = wrapper.cfbundle; includeInIndex = 0; path = danbiTests.xctest; sourceTree = BUILT_PRODUCTS_DIR; };
		A1682FC22F28CF5F00CC8FED /* danbiUITests.xctest */ = {isa = PBXFileReference; explicitFileType = wrapper.cfbundle; includeInIndex = 0; path = danbiUITests.xctest; sourceTree = BUILT_PRODUCTS_DIR; };
		A17DAB0E2F30E9CB00791F4B /* danbiWidgetExtension.appex */ = {isa = PBXFileReference; explicitFileType = "wrapper.app-extension"; includeInIndex = 0; path = danbiWidgetExtension.appex; sourceTree = BUILT_PRODUCTS_DIR; };
		A17DAB102F30E9CB00791F4B /* WidgetKit.framework */ = {isa = PBXFileReference; lastKnownFileType = wrapper.framework; name = WidgetKit.framework; path = System/Library/Frameworks/WidgetKit.framework; sourceTree = SDKROOT; };
		A17DAB122F30E9CB00791F4B /* SwiftUI.framework */ = {isa = PBXFileReference; lastKnownFileType = wrapper.framework; name = SwiftUI.framework; path = System/Library/Frameworks/SwiftUI.framework; sourceTree = SDKROOT; };
		A17DAB282F30EA1200791F4B /* danbiWidgetExtension.entitlements */ = {isa = PBXFileReference; lastKnownFileType = text.plist.entitlements; path = danbiWidgetExtension.entitlements; sourceTree = "<group>"; };
/* End PBXFileReference section */

/* Begin PBXFileSystemSynchronizedBuildFileExceptionSet section */
		A1682FCA2F28CF5F00CC8FED /* Exceptions for "danbi" folder in "danbi" target */ = {
			isa = PBXFileSystemSynchronizedBuildFileExceptionSet;
			membershipExceptions = (
				Info.plist,
			);
			target = A1682FA32F28CF5E00CC8FED /* danbi */;
		};
		A17DAB262F30E9CC00791F4B /* Exceptions for "danbiWidget" folder in "danbiWidgetExtension" target */ = {
			isa = PBXFileSystemSynchronizedBuildFileExceptionSet;
			membershipExceptions = (
				Info.plist,
			);
			target = A17DAB0D2F30E9CB00791F4B /* danbiWidgetExtension */;
		};
		A17DAB2C2F30EA5700791F4B /* Exceptions for "danbi" folder in "danbiWidgetExtension" target */ = {
			isa = PBXFileSystemSynchronizedBuildFileExceptionSet;
			membershipExceptions = (
				Model/Plant.swift,
				Model/SampleData.swift,
				Support/MemomentKkukkukk.ttf,
			);
			target = A17DAB0D2F30E9CB00791F4B /* danbiWidgetExtension */;
		};
/* End PBXFileSystemSynchronizedBuildFileExceptionSet section */

/* Begin PBXFileSystemSynchronizedRootGroup section */
		A1682FA62F28CF5E00CC8FED /* danbi */ = {
			isa = PBXFileSystemSynchronizedRootGroup;
			exceptions = (
				A1682FCA2F28CF5F00CC8FED /* Exceptions for "danbi" folder in "danbi" target */,
				A17DAB2C2F30EA5700791F4B /* Exceptions for "danbi" folder in "danbiWidgetExtension" target */,
			);
			path = danbi;
			sourceTree = "<group>";
		};
		A1682FBB2F28CF5E00CC8FED /* danbiTests */ = {
			isa = PBXFileSystemSynchronizedRootGroup;
			path = danbiTests;
			sourceTree = "<group>";
		};
		A1682FC52F28CF5F00CC8FED /* danbiUITests */ = {
			isa = PBXFileSystemSynchronizedRootGroup;
			path = danbiUITests;
			sourceTree = "<group>";
		};
		A17DAB142F30E9CB00791F4B /* danbiWidget */ = {
			isa = PBXFileSystemSynchronizedRootGroup;
			exceptions = (
				A17DAB262F30E9CC00791F4B /* Exceptions for "danbiWidget" folder in "danbiWidgetExtension" target */,
			);
			path = danbiWidget;
			sourceTree = "<group>";
		};
/* End PBXFileSystemSynchronizedRootGroup section */

/* Begin PBXFrameworksBuildPhase section */
		A1682FA12F28CF5E00CC8FED /* Frameworks */ = {
			isa = PBXFrameworksBuildPhase;
			buildActionMask = 2147483647;
			files = (
				A15A49F02F2F6CA900E4AE35 /* GoogleMobileAds in Frameworks */,
			);
			runOnlyForDeploymentPostprocessing = 0;
		};
		A1682FB52F28CF5E00CC8FED /* Frameworks */ = {
			isa = PBXFrameworksBuildPhase;
			buildActionMask = 2147483647;
			files = (
			);
			runOnlyForDeploymentPostprocessing = 0;
		};
		A1682FBF2F28CF5F00CC8FED /* Frameworks */ = {
			isa = PBXFrameworksBuildPhase;
			buildActionMask = 2147483647;
			files = (
			);
			runOnlyForDeploymentPostprocessing = 0;
		};
		A17DAB0B2F30E9CB00791F4B /* Frameworks */ = {
			isa = PBXFrameworksBuildPhase;
			buildActionMask = 2147483647;
			files = (
				A17DAB132F30E9CB00791F4B /* SwiftUI.framework in Frameworks */,
				A17DAB112F30E9CB00791F4B /* WidgetKit.framework in Frameworks */,
			);
			runOnlyForDeploymentPostprocessing = 0;
		};
/* End PBXFrameworksBuildPhase section */

/* Begin PBXGroup section */
		A1682F9B2F28CF5D00CC8FED = {
			isa = PBXGroup;
			children = (
				A17DAB282F30EA1200791F4B /* danbiWidgetExtension.entitlements */,
				A1682FA62F28CF5E00CC8FED /* danbi */,
				A1682FBB2F28CF5E00CC8FED /* danbiTests */,
				A1682FC52F28CF5F00CC8FED /* danbiUITests */,
				A17DAB142F30E9CB00791F4B /* danbiWidget */,
				A17DAB0F2F30E9CB00791F4B /* Frameworks */,
				A1682FA52F28CF5E00CC8FED /* Products */,
			);
			sourceTree = "<group>";
		};
		A1682FA52F28CF5E00CC8FED /* Products */ = {
			isa = PBXGroup;
			children = (
				A1682FA42F28CF5E00CC8FED /* danbi.app */,
				A1682FB82F28CF5E00CC8FED /* danbiTests.xctest */,
				A1682FC22F28CF5F00CC8FED /* danbiUITests.xctest */,
				A17DAB0E2F30E9CB00791F4B /* danbiWidgetExtension.appex */,
			);
			name = Products;
			sourceTree = "<group>";
		};
		A17DAB0F2F30E9CB00791F4B /* Frameworks */ = {
			isa = PBXGroup;
			children = (
				A17DAB102F30E9CB00791F4B /* WidgetKit.framework */,
				A17DAB122F30E9CB00791F4B /* SwiftUI.framework */,
			);
			name = Frameworks;
			sourceTree = "<group>";
		};
/* End PBXGroup section */

/* Begin PBXNativeTarget section */
		A1682FA32F28CF5E00CC8FED /* danbi */ = {
			isa = PBXNativeTarget;
			buildConfigurationList = A1682FCB2F28CF5F00CC8FED /* Build configuration list for PBXNativeTarget "danbi" */;
			buildPhases = (
				A1682FA02F28CF5E00CC8FED /* Sources */,
				A1682FA12F28CF5E00CC8FED /* Frameworks */,
				A1682FA22F28CF5E00CC8FED /* Resources */,
				A17DAB272F30E9CC00791F4B /* Embed Foundation Extensions */,
			);
			buildRules = (
			);
			dependencies = (
				A17DAB212F30E9CC00791F4B /* PBXTargetDependency */,
			);
			fileSystemSynchronizedGroups = (
				A1682FA62F28CF5E00CC8FED /* danbi */,
			);
			name = danbi;
			packageProductDependencies = (
				A15A49EF2F2F6CA900E4AE35 /* GoogleMobileAds */,
			);
			productName = danbi;
			productReference = A1682FA42F28CF5E00CC8FED /* danbi.app */;
			productType = "com.apple.product-type.application";
		};
		A1682FB72F28CF5E00CC8FED /* danbiTests */ = {
			isa = PBXNativeTarget;
			buildConfigurationList = A1682FD02F28CF5F00CC8FED /* Build configuration list for PBXNativeTarget "danbiTests" */;
			buildPhases = (
				A1682FB42F28CF5E00CC8FED /* Sources */,
				A1682FB52F28CF5E00CC8FED /* Frameworks */,
				A1682FB62F28CF5E00CC8FED /* Resources */,
			);
			buildRules = (
			);
			dependencies = (
				A1682FBA2F28CF5E00CC8FED /* PBXTargetDependency */,
			);
			fileSystemSynchronizedGroups = (
				A1682FBB2F28CF5E00CC8FED /* danbiTests */,
			);
			name = danbiTests;
			packageProductDependencies = (
			);
			productName = danbiTests;
			productReference = A1682FB82F28CF5E00CC8FED /* danbiTests.xctest */;
			productType = "com.apple.product-type.bundle.unit-test";
		};
		A1682FC12F28CF5F00CC8FED /* danbiUITests */ = {
			isa = PBXNativeTarget;
			buildConfigurationList = A1682FD32F28CF5F00CC8FED /* Build configuration list for PBXNativeTarget "danbiUITests" */;
			buildPhases = (
				A1682FBE2F28CF5F00CC8FED /* Sources */,
				A1682FBF2F28CF5F00CC8FED /* Frameworks */,
				A1682FC02F28CF5F00CC8FED /* Resources */,
			);
			buildRules = (
			);
			dependencies = (
				A1682FC42F28CF5F00CC8FED /* PBXTargetDependency */,
			);
			fileSystemSynchronizedGroups = (
				A1682FC52F28CF5F00CC8FED /* danbiUITests */,
			);
			name = danbiUITests;
			packageProductDependencies = (
			);
			productName = danbiUITests;
			productReference = A1682FC22F28CF5F00CC8FED /* danbiUITests.xctest */;
			productType = "com.apple.product-type.bundle.ui-testing";
		};
		A17DAB0D2F30E9CB00791F4B /* danbiWidgetExtension */ = {
			isa = PBXNativeTarget;
			buildConfigurationList = A17DAB232F30E9CC00791F4B /* Build configuration list for PBXNativeTarget "danbiWidgetExtension" */;
			buildPhases = (
				A17DAB0A2F30E9CB00791F4B /* Sources */,
				A17DAB0B2F30E9CB00791F4B /* Frameworks */,
				A17DAB0C2F30E9CB00791F4B /* Resources */,
			);
			buildRules = (
			);
			dependencies = (
			);
			fileSystemSynchronizedGroups = (
				A17DAB142F30E9CB00791F4B /* danbiWidget */,
			);
			name = danbiWidgetExtension;
			packageProductDependencies = (
			);
			productName = danbiWidgetExtension;
			productReference = A17DAB0E2F30E9CB00791F4B /* danbiWidgetExtension.appex */;
			productType = "com.apple.product-type.app-extension";
		};
/* End PBXNativeTarget section */

/* Begin PBXProject section */
		A1682F9C2F28CF5D00CC8FED /* Project object */ = {
			isa = PBXProject;
			attributes = {
				BuildIndependentTargetsInParallel = 1;
				LastSwiftUpdateCheck = 1620;
				LastUpgradeCheck = 1620;
				TargetAttributes = {
					A1682FA32F28CF5E00CC8FED = {
						CreatedOnToolsVersion = 16.2;
					};
					A1682FB72F28CF5E00CC8FED = {
						CreatedOnToolsVersion = 16.2;
						TestTargetID = A1682FA32F28CF5E00CC8FED;
					};
					A1682FC12F28CF5F00CC8FED = {
						CreatedOnToolsVersion = 16.2;
						TestTargetID = A1682FA32F28CF5E00CC8FED;
					};
					A17DAB0D2F30E9CB00791F4B = {
						CreatedOnToolsVersion = 16.2;
					};
				};
			};
			buildConfigurationList = A1682F9F2F28CF5D00CC8FED /* Build configuration list for PBXProject "danbi" */;
			developmentRegion = en;
			hasScannedForEncodings = 0;
			knownRegions = (
				en,
				Base,
			);
			mainGroup = A1682F9B2F28CF5D00CC8FED;
			minimizedProjectReferenceProxies = 1;
			packageReferences = (
				A15A49EE2F2F6CA900E4AE35 /* XCRemoteSwiftPackageReference "swift-package-manager-google-mobile-ads" */,
			);
			preferredProjectObjectVersion = 77;
			productRefGroup = A1682FA52F28CF5E00CC8FED /* Products */;
			projectDirPath = "";
			projectRoot = "";
			targets = (
				A1682FA32F28CF5E00CC8FED /* danbi */,
				A1682FB72F28CF5E00CC8FED /* danbiTests */,
				A1682FC12F28CF5F00CC8FED /* danbiUITests */,
				A17DAB0D2F30E9CB00791F4B /* danbiWidgetExtension */,
			);
		};
/* End PBXProject section */

/* Begin PBXResourcesBuildPhase section */
		A1682FA22F28CF5E00CC8FED /* Resources */ = {
			isa = PBXResourcesBuildPhase;
			buildActionMask = 2147483647;
			files = (
			);
			runOnlyForDeploymentPostprocessing = 0;
		};
		A1682FB62F28CF5E00CC8FED /* Resources */ = {
			isa = PBXResourcesBuildPhase;
			buildActionMask = 2147483647;
			files = (
			);
			runOnlyForDeploymentPostprocessing = 0;
		};
		A1682FC02F28CF5F00CC8FED /* Resources */ = {
			isa = PBXResourcesBuildPhase;
			buildActionMask = 2147483647;
			files = (
			);
			runOnlyForDeploymentPostprocessing = 0;
		};
		A17DAB0C2F30E9CB00791F4B /* Resources */ = {
			isa = PBXResourcesBuildPhase;
			buildActionMask = 2147483647;
			files = (
			);
			runOnlyForDeploymentPostprocessing = 0;
		};
/* End PBXResourcesBuildPhase section */

/* Begin PBXSourcesBuildPhase section */
		A1682FA02F28CF5E00CC8FED /* Sources */ = {
			isa = PBXSourcesBuildPhase;
			buildActionMask = 2147483647;
			files = (
			);
			runOnlyForDeploymentPostprocessing = 0;
		};
		A1682FB42F28CF5E00CC8FED /* Sources */ = {
			isa = PBXSourcesBuildPhase;
			buildActionMask = 2147483647;
			files = (
			);
			runOnlyForDeploymentPostprocessing = 0;
		};
		A1682FBE2F28CF5F00CC8FED /* Sources */ = {
			isa = PBXSourcesBuildPhase;
			buildActionMask = 2147483647;
			files = (
			);
			runOnlyForDeploymentPostprocessing = 0;
		};
		A17DAB0A2F30E9CB00791F4B /* Sources */ = {
			isa = PBXSourcesBuildPhase;
			buildActionMask = 2147483647;
			files = (
			);
			runOnlyForDeploymentPostprocessing = 0;
		};
/* End PBXSourcesBuildPhase section */

/* Begin PBXTargetDependency section */
		A1682FBA2F28CF5E00CC8FED /* PBXTargetDependency */ = {
			isa = PBXTargetDependency;
			target = A1682FA32F28CF5E00CC8FED /* danbi */;
			targetProxy = A1682FB92F28CF5E00CC8FED /* PBXContainerItemProxy */;
		};
		A1682FC42F28CF5F00CC8FED /* PBXTargetDependency */ = {
			isa = PBXTargetDependency;
			target = A1682FA32F28CF5E00CC8FED /* danbi */;
			targetProxy = A1682FC32F28CF5F00CC8FED /* PBXContainerItemProxy */;
		};
		A17DAB212F30E9CC00791F4B /* PBXTargetDependency */ = {
			isa = PBXTargetDependency;
			target = A17DAB0D2F30E9CB00791F4B /* danbiWidgetExtension */;
			targetProxy = A17DAB202F30E9CC00791F4B /* PBXContainerItemProxy */;
		};
/* End PBXTargetDependency section */

/* Begin XCBuildConfiguration section */
		A1682FCC2F28CF5F00CC8FED /* Debug */ = {
			isa = XCBuildConfiguration;
			buildSettings = {
				ASSETCATALOG_COMPILER_APPICON_NAME = AppIcon;
				ASSETCATALOG_COMPILER_GLOBAL_ACCENT_COLOR_NAME = AccentColor;
				CODE_SIGN_ENTITLEMENTS = danbi/danbi.entitlements;
				CODE_SIGN_IDENTITY = "Apple Development";
				CODE_SIGN_STYLE = Automatic;
				CURRENT_PROJECT_VERSION = 1;
				DEVELOPMENT_ASSET_PATHS = "\"danbi/Preview Content\"";
				DEVELOPMENT_TEAM = WC5T233HM3;
				ENABLE_PREVIEWS = YES;
				GENERATE_INFOPLIST_FILE = YES;
				INFOPLIST_FILE = danbi/Info.plist;
				INFOPLIST_KEY_CFBundleDisplayName = "단비";
				INFOPLIST_KEY_NSCameraUsageDescription = "식물 사진을 찍기 위해 카메라 접근이 필요합니다.";
				INFOPLIST_KEY_NSPhotoLibraryUsageDescription = "식물 사진을 선택하기 위해 사진 라이브러리 접근이 필요합니다.";
				INFOPLIST_KEY_UIApplicationSceneManifest_Generation = YES;
				INFOPLIST_KEY_UIApplicationSupportsIndirectInputEvents = YES;
				INFOPLIST_KEY_UILaunchScreen_Generation = YES;
				INFOPLIST_KEY_UISupportedInterfaceOrientations_iPad = "UIInterfaceOrientationPortrait UIInterfaceOrientationPortraitUpsideDown UIInterfaceOrientationLandscapeLeft UIInterfaceOrientationLandscapeRight";
				INFOPLIST_KEY_UISupportedInterfaceOrientations_iPhone = "UIInterfaceOrientationPortrait UIInterfaceOrientationLandscapeLeft UIInterfaceOrientationLandscapeRight";
				IPHONEOS_DEPLOYMENT_TARGET = 17.0;
				LD_RUNPATH_SEARCH_PATHS = (
					"$(inherited)",
					"@executable_path/Frameworks",
				);
				MARKETING_VERSION = 1.1.0;
				PRODUCT_BUNDLE_IDENTIFIER = com.plant.danbi;
				PRODUCT_NAME = danbi;
				PROVISIONING_PROFILE_SPECIFIER = "";
				SWIFT_EMIT_LOC_STRINGS = YES;
				SWIFT_VERSION = 5.0;
				TARGETED_DEVICE_FAMILY = "1,2";
			};
			name = Debug;
		};
		A1682FCD2F28CF5F00CC8FED /* Release */ = {
			isa = XCBuildConfiguration;
			buildSettings = {
				ASSETCATALOG_COMPILER_APPICON_NAME = AppIcon;
				ASSETCATALOG_COMPILER_GLOBAL_ACCENT_COLOR_NAME = AccentColor;
				CODE_SIGN_ENTITLEMENTS = danbi/danbi.entitlements;
				CODE_SIGN_IDENTITY = "Apple Development";
				CODE_SIGN_STYLE = Automatic;
				CURRENT_PROJECT_VERSION = 1;
				DEVELOPMENT_ASSET_PATHS = "\"danbi/Preview Content\"";
				DEVELOPMENT_TEAM = WC5T233HM3;
				ENABLE_PREVIEWS = YES;
				GENERATE_INFOPLIST_FILE = YES;
				INFOPLIST_FILE = danbi/Info.plist;
				INFOPLIST_KEY_CFBundleDisplayName = "단비";
				INFOPLIST_KEY_NSCameraUsageDescription = "식물 사진을 찍기 위해 카메라 접근이 필요합니다.";
				INFOPLIST_KEY_NSPhotoLibraryUsageDescription = "식물 사진을 선택하기 위해 사진 라이브러리 접근이 필요합니다.";
				INFOPLIST_KEY_UIApplicationSceneManifest_Generation = YES;
				INFOPLIST_KEY_UIApplicationSupportsIndirectInputEvents = YES;
				INFOPLIST_KEY_UILaunchScreen_Generation = YES;
				INFOPLIST_KEY_UISupportedInterfaceOrientations_iPad = "UIInterfaceOrientationPortrait UIInterfaceOrientationPortraitUpsideDown UIInterfaceOrientationLandscapeLeft UIInterfaceOrientationLandscapeRight";
				INFOPLIST_KEY_UISupportedInterfaceOrientations_iPhone = "UIInterfaceOrientationPortrait UIInterfaceOrientationLandscapeLeft UIInterfaceOrientationLandscapeRight";
				IPHONEOS_DEPLOYMENT_TARGET = 17.0;
				LD_RUNPATH_SEARCH_PATHS = (
					"$(inherited)",
					"@executable_path/Frameworks",
				);
				MARKETING_VERSION = 1.1.0;
				PRODUCT_BUNDLE_IDENTIFIER = com.plant.danbi;
				PRODUCT_NAME = danbi;
				PROVISIONING_PROFILE_SPECIFIER = "";
				SWIFT_EMIT_LOC_STRINGS = YES;
				SWIFT_VERSION = 5.0;
				TARGETED_DEVICE_FAMILY = "1,2";
			};
			name = Release;
		};
		A1682FCE2F28CF5F00CC8FED /* Debug */ = {
			isa = XCBuildConfiguration;
			buildSettings = {
				ALWAYS_SEARCH_USER_PATHS = NO;
				ASSETCATALOG_COMPILER_GENERATE_SWIFT_ASSET_SYMBOL_EXTENSIONS = YES;
				CLANG_ANALYZER_NONNULL = YES;
				CLANG_ANALYZER_NUMBER_OBJECT_CONVERSION = YES_AGGRESSIVE;
				CLANG_CXX_LANGUAGE_STANDARD = "gnu++20";
				CLANG_ENABLE_MODULES = YES;
				CLANG_ENABLE_OBJC_ARC = YES;
				CLANG_ENABLE_OBJC_WEAK = YES;
				CLANG_WARN_BLOCK_CAPTURE_AUTORELEASING = YES;
				CLANG_WARN_BOOL_CONVERSION = YES;
				CLANG_WARN_COMMA = YES;
				CLANG_WARN_CONSTANT_CONVERSION = YES;
				CLANG_WARN_DEPRECATED_OBJC_IMPLEMENTATIONS = YES;
				CLANG_WARN_DIRECT_OBJC_ISA_USAGE = YES_ERROR;
				CLANG_WARN_DOCUMENTATION_COMMENTS = YES;
				CLANG_WARN_EMPTY_BODY = YES;
				CLANG_WARN_ENUM_CONVERSION = YES;
				CLANG_WARN_INFINITE_RECURSION = YES;
				CLANG_WARN_INT_CONVERSION = YES;
				CLANG_WARN_NON_LITERAL_NULL_CONVERSION = YES;
				CLANG_WARN_OBJC_IMPLICIT_RETAIN_SELF = YES;
				CLANG_WARN_OBJC_LITERAL_CONVERSION = YES;
				CLANG_WARN_OBJC_ROOT_CLASS = YES_ERROR;
				CLANG_WARN_QUOTED_INCLUDE_IN_FRAMEWORK_HEADER = YES;
				CLANG_WARN_RANGE_LOOP_ANALYSIS = YES;
				CLANG_WARN_STRICT_PROTOTYPES = YES;
				CLANG_WARN_SUSPICIOUS_MOVE = YES;
				CLANG_WARN_UNGUARDED_AVAILABILITY = YES_AGGRESSIVE;
				CLANG_WARN_UNREACHABLE_CODE = YES;
				CLANG_WARN__DUPLICATE_METHOD_MATCH = YES;
				COPY_PHASE_STRIP = NO;
				DEBUG_INFORMATION_FORMAT = dwarf;
				ENABLE_STRICT_OBJC_MSGSEND = YES;
				ENABLE_TESTABILITY = YES;
				ENABLE_USER_SCRIPT_SANDBOXING = YES;
				GCC_C_LANGUAGE_STANDARD = gnu17;
				GCC_DYNAMIC_NO_PIC = NO;
				GCC_NO_COMMON_BLOCKS = YES;
				GCC_OPTIMIZATION_LEVEL = 0;
				GCC_PREPROCESSOR_DEFINITIONS = (
					"DEBUG=1",
					"$(inherited)",
				);
				GCC_WARN_64_TO_32_BIT_CONVERSION = YES;
				GCC_WARN_ABOUT_RETURN_TYPE = YES_ERROR;
				GCC_WARN_UNDECLARED_SELECTOR = YES;
				GCC_WARN_UNINITIALIZED_AUTOS = YES_AGGRESSIVE;
				GCC_WARN_UNUSED_FUNCTION = YES;
				GCC_WARN_UNUSED_VARIABLE = YES;
				IPHONEOS_DEPLOYMENT_TARGET = 18.2;
				LOCALIZATION_PREFERS_STRING_CATALOGS = YES;
				MTL_ENABLE_DEBUG_INFO = INCLUDE_SOURCE;
				MTL_FAST_MATH = YES;
				ONLY_ACTIVE_ARCH = YES;
				SDKROOT = iphoneos;
				SWIFT_ACTIVE_COMPILATION_CONDITIONS = "DEBUG $(inherited)";
				SWIFT_OPTIMIZATION_LEVEL = "-Onone";
			};
			name = Debug;
		};
		A1682FCF2F28CF5F00CC8FED /* Release */ = {
			isa = XCBuildConfiguration;
			buildSettings = {
				ALWAYS_SEARCH_USER_PATHS = NO;
				ASSETCATALOG_COMPILER_GENERATE_SWIFT_ASSET_SYMBOL_EXTENSIONS = YES;
				CLANG_ANALYZER_NONNULL = YES;
				CLANG_ANALYZER_NUMBER_OBJECT_CONVERSION = YES_AGGRESSIVE;
				CLANG_CXX_LANGUAGE_STANDARD = "gnu++20";
				CLANG_ENABLE_MODULES = YES;
				CLANG_ENABLE_OBJC_ARC = YES;
				CLANG_ENABLE_OBJC_WEAK = YES;
				CLANG_WARN_BLOCK_CAPTURE_AUTORELEASING = YES;
				CLANG_WARN_BOOL_CONVERSION = YES;
				CLANG_WARN_COMMA = YES;
				CLANG_WARN_CONSTANT_CONVERSION = YES;
				CLANG_WARN_DEPRECATED_OBJC_IMPLEMENTATIONS = YES;
				CLANG_WARN_DIRECT_OBJC_ISA_USAGE = YES_ERROR;
				CLANG_WARN_DOCUMENTATION_COMMENTS = YES;
				CLANG_WARN_EMPTY_BODY = YES;
				CLANG_WARN_ENUM_CONVERSION = YES;
				CLANG_WARN_INFINITE_RECURSION = YES;
				CLANG_WARN_INT_CONVERSION = YES;
				CLANG_WARN_NON_LITERAL_NULL_CONVERSION = YES;
				CLANG_WARN_OBJC_IMPLICIT_RETAIN_SELF = YES;
				CLANG_WARN_OBJC_LITERAL_CONVERSION = YES;
				CLANG_WARN_OBJC_ROOT_CLASS = YES_ERROR;
				CLANG_WARN_QUOTED_INCLUDE_IN_FRAMEWORK_HEADER = YES;
				CLANG_WARN_RANGE_LOOP_ANALYSIS = YES;
				CLANG_WARN_STRICT_PROTOTYPES = YES;
				CLANG_WARN_SUSPICIOUS_MOVE = YES;
				CLANG_WARN_UNGUARDED_AVAILABILITY = YES_AGGRESSIVE;
				CLANG_WARN_UNREACHABLE_CODE = YES;
				CLANG_WARN__DUPLICATE_METHOD_MATCH = YES;
				COPY_PHASE_STRIP = NO;
				DEBUG_INFORMATION_FORMAT = "dwarf-with-dsym";
				ENABLE_NS_ASSERTIONS = NO;
				ENABLE_STRICT_OBJC_MSGSEND = YES;
				ENABLE_USER_SCRIPT_SANDBOXING = YES;
				GCC_C_LANGUAGE_STANDARD = gnu17;
				GCC_NO_COMMON_BLOCKS = YES;
				GCC_WARN_64_TO_32_BIT_CONVERSION = YES;
				GCC_WARN_ABOUT_RETURN_TYPE = YES_ERROR;
				GCC_WARN_UNDECLARED_SELECTOR = YES;
				GCC_WARN_UNINITIALIZED_AUTOS = YES_AGGRESSIVE;
				GCC_WARN_UNUSED_FUNCTION = YES;
				GCC_WARN_UNUSED_VARIABLE = YES;
				IPHONEOS_DEPLOYMENT_TARGET = 18.2;
				LOCALIZATION_PREFERS_STRING_CATALOGS = YES;
				MTL_ENABLE_DEBUG_INFO = NO;
				MTL_FAST_MATH = YES;
				SDKROOT = iphoneos;
				SWIFT_COMPILATION_MODE = wholemodule;
				VALIDATE_PRODUCT = YES;
			};
			name = Release;
		};
		A1682FD12F28CF5F00CC8FED /* Debug */ = {
			isa = XCBuildConfiguration;
			buildSettings = {
				BUNDLE_LOADER = "$(TEST_HOST)";
				CODE_SIGN_STYLE = Automatic;
				CURRENT_PROJECT_VERSION = 1;
				DEVELOPMENT_TEAM = T6HPMD6KD3;
				GENERATE_INFOPLIST_FILE = YES;
				IPHONEOS_DEPLOYMENT_TARGET = 18.2;
				MARKETING_VERSION = 1.0;
				PRODUCT_BUNDLE_IDENTIFIER = com.danbiTests;
				PRODUCT_NAME = "$(TARGET_NAME)";
				SWIFT_EMIT_LOC_STRINGS = NO;
				SWIFT_VERSION = 5.0;
				TARGETED_DEVICE_FAMILY = "1,2";
				TEST_HOST = "$(BUILT_PRODUCTS_DIR)/danbi.app/$(BUNDLE_EXECUTABLE_FOLDER_PATH)/danbi";
			};
			name = Debug;
		};
		A1682FD22F28CF5F00CC8FED /* Release */ = {
			isa = XCBuildConfiguration;
			buildSettings = {
				BUNDLE_LOADER = "$(TEST_HOST)";
				CODE_SIGN_STYLE = Automatic;
				CURRENT_PROJECT_VERSION = 1;
				DEVELOPMENT_TEAM = T6HPMD6KD3;
				GENERATE_INFOPLIST_FILE = YES;
				IPHONEOS_DEPLOYMENT_TARGET = 18.2;
				MARKETING_VERSION = 1.0;
				PRODUCT_BUNDLE_IDENTIFIER = com.danbiTests;
				PRODUCT_NAME = "$(TARGET_NAME)";
				SWIFT_EMIT_LOC_STRINGS = NO;
				SWIFT_VERSION = 5.0;
				TARGETED_DEVICE_FAMILY = "1,2";
				TEST_HOST = "$(BUILT_PRODUCTS_DIR)/danbi.app/$(BUNDLE_EXECUTABLE_FOLDER_PATH)/danbi";
			};
			name = Release;
		};
		A1682FD42F28CF5F00CC8FED /* Debug */ = {
			isa = XCBuildConfiguration;
			buildSettings = {
				CODE_SIGN_STYLE = Automatic;
				CURRENT_PROJECT_VERSION = 1;
				DEVELOPMENT_TEAM = T6HPMD6KD3;
				GENERATE_INFOPLIST_FILE = YES;
				MARKETING_VERSION = 1.0;
				PRODUCT_BUNDLE_IDENTIFIER = com.danbiUITests;
				PRODUCT_NAME = "$(TARGET_NAME)";
				SWIFT_EMIT_LOC_STRINGS = NO;
				SWIFT_VERSION = 5.0;
				TARGETED_DEVICE_FAMILY = "1,2";
				TEST_TARGET_NAME = danbi;
			};
			name = Debug;
		};
		A1682FD52F28CF5F00CC8FED /* Release */ = {
			isa = XCBuildConfiguration;
			buildSettings = {
				CODE_SIGN_STYLE = Automatic;
				CURRENT_PROJECT_VERSION = 1;
				DEVELOPMENT_TEAM = T6HPMD6KD3;
				GENERATE_INFOPLIST_FILE = YES;
				MARKETING_VERSION = 1.0;
				PRODUCT_BUNDLE_IDENTIFIER = com.danbiUITests;
				PRODUCT_NAME = "$(TARGET_NAME)";
				SWIFT_EMIT_LOC_STRINGS = NO;
				SWIFT_VERSION = 5.0;
				TARGETED_DEVICE_FAMILY = "1,2";
				TEST_TARGET_NAME = danbi;
			};
			name = Release;
		};
		A17DAB242F30E9CC00791F4B /* Debug */ = {
			isa = XCBuildConfiguration;
			buildSettings = {
				ASSETCATALOG_COMPILER_GLOBAL_ACCENT_COLOR_NAME = AccentColor;
				ASSETCATALOG_COMPILER_WIDGET_BACKGROUND_COLOR_NAME = WidgetBackground;
				CODE_SIGN_ENTITLEMENTS = danbiWidgetExtension.entitlements;
				CODE_SIGN_IDENTITY = "Apple Development";
				CODE_SIGN_STYLE = Automatic;
				CURRENT_PROJECT_VERSION = 1;
				DEVELOPMENT_TEAM = WC5T233HM3;
				GENERATE_INFOPLIST_FILE = YES;
				INFOPLIST_FILE = danbiWidget/Info.plist;
				INFOPLIST_KEY_CFBundleDisplayName = danbiWidget;
				INFOPLIST_KEY_NSHumanReadableCopyright = "";
				LD_RUNPATH_SEARCH_PATHS = (
					"$(inherited)",
					"@executable_path/Frameworks",
					"@executable_path/../../Frameworks",
				);
				MARKETING_VERSION = 1.0;
				OTHER_SWIFT_FLAGS = "\"-DWIDGET_EXTENSION\"";
				PRODUCT_BUNDLE_IDENTIFIER = com.plant.danbi.danbiWidget;
				PRODUCT_NAME = "$(TARGET_NAME)";
				SKIP_INSTALL = YES;
				SWIFT_EMIT_LOC_STRINGS = YES;
				SWIFT_VERSION = 5.0;
				TARGETED_DEVICE_FAMILY = "1,2";
			};
			name = Debug;
		};
		A17DAB252F30E9CC00791F4B /* Release */ = {
			isa = XCBuildConfiguration;
			buildSettings = {
				ASSETCATALOG_COMPILER_GLOBAL_ACCENT_COLOR_NAME = AccentColor;
				ASSETCATALOG_COMPILER_WIDGET_BACKGROUND_COLOR_NAME = WidgetBackground;
				CODE_SIGN_ENTITLEMENTS = danbiWidgetExtension.entitlements;
				CODE_SIGN_IDENTITY = "Apple Development";
				CODE_SIGN_STYLE = Automatic;
				CURRENT_PROJECT_VERSION = 1;
				DEVELOPMENT_TEAM = WC5T233HM3;
				GENERATE_INFOPLIST_FILE = YES;
				INFOPLIST_FILE = danbiWidget/Info.plist;
				INFOPLIST_KEY_CFBundleDisplayName = danbiWidget;
				INFOPLIST_KEY_NSHumanReadableCopyright = "";
				LD_RUNPATH_SEARCH_PATHS = (
					"$(inherited)",
					"@executable_path/Frameworks",
					"@executable_path/../../Frameworks",
				);
				MARKETING_VERSION = 1.0;
				OTHER_SWIFT_FLAGS = "\"-DWIDGET_EXTENSION\"";
				PRODUCT_BUNDLE_IDENTIFIER = com.plant.danbi.danbiWidget;
				PRODUCT_NAME = "$(TARGET_NAME)";
				SKIP_INSTALL = YES;
				SWIFT_EMIT_LOC_STRINGS = YES;
				SWIFT_VERSION = 5.0;
				TARGETED_DEVICE_FAMILY = "1,2";
			};
			name = Release;
		};
/* End XCBuildConfiguration section */

/* Begin XCConfigurationList section */
		A1682F9F2F28CF5D00CC8FED /* Build configuration list for PBXProject "danbi" */ = {
			isa = XCConfigurationList;
			buildConfigurations = (
				A1682FCE2F28CF5F00CC8FED /* Debug */,
				A1682FCF2F28CF5F00CC8FED /* Release */,
			);
			defaultConfigurationIsVisible = 0;
			defaultConfigurationName = Release;
		};
		A1682FCB2F28CF5F00CC8FED /* Build configuration list for PBXNativeTarget "danbi" */ = {
			isa = XCConfigurationList;
			buildConfigurations = (
				A1682FCC2F28CF5F00CC8FED /* Debug */,
				A1682FCD2F28CF5F00CC8FED /* Release */,
			);
			defaultConfigurationIsVisible = 0;
			defaultConfigurationName = Release;
		};
		A1682FD02F28CF5F00CC8FED /* Build configuration list for PBXNativeTarget "danbiTests" */ = {
			isa = XCConfigurationList;
			buildConfigurations = (
				A1682FD12F28CF5F00CC8FED /* Debug */,
				A1682FD22F28CF5F00CC8FED /* Release */,
			);
			defaultConfigurationIsVisible = 0;
			defaultConfigurationName = Release;
		};
		A1682FD32F28CF5F00CC8FED /* Build configuration list for PBXNativeTarget "danbiUITests" */ = {
			isa = XCConfigurationList;
			buildConfigurations = (
				A1682FD42F28CF5F00CC8FED /* Debug */,
				A1682FD52F28CF5F00CC8FED /* Release */,
			);
			defaultConfigurationIsVisible = 0;
			defaultConfigurationName = Release;
		};
		A17DAB232F30E9CC00791F4B /* Build configuration list for PBXNativeTarget "danbiWidgetExtension" */ = {
			isa = XCConfigurationList;
			buildConfigurations = (
				A17DAB242F30E9CC00791F4B /* Debug */,
				A17DAB252F30E9CC00791F4B /* Release */,
			);
			defaultConfigurationIsVisible = 0;
			defaultConfigurationName = Release;
		};
/* End XCConfigurationList section */

/* Begin XCRemoteSwiftPackageReference section */
		A15A49EE2F2F6CA900E4AE35 /* XCRemoteSwiftPackageReference "swift-package-manager-google-mobile-ads" */ = {
			isa = XCRemoteSwiftPackageReference;
			repositoryURL = "https://github.com/googleads/swift-package-manager-google-mobile-ads.git";
			requirement = {
				kind = upToNextMajorVersion;
				minimumVersion = 12.14.0;
			};
		};
/* End XCRemoteSwiftPackageReference section */

/* Begin XCSwiftPackageProductDependency section */
		A15A49EF2F2F6CA900E4AE35 /* GoogleMobileAds */ = {
			isa = XCSwiftPackageProductDependency;
			package = A15A49EE2F2F6CA900E4AE35 /* XCRemoteSwiftPackageReference "swift-package-manager-google-mobile-ads" */;
			productName = GoogleMobileAds;
		};
/* End XCSwiftPackageProductDependency section */
	};
	rootObject = A1682F9C2F28CF5D00CC8FED /* Project object */;
}
